// !$*UTF8*$!
{
	archiveVersion = 1;
	classes = {
	};
	objectVersion = 51;
	objects = {

/* Begin PBXBuildFile section */
		016BBC1121D644C3CF9BB12A /* Pods_English_CardsUITests.framework in Frameworks */ = {isa = PBXBuildFile; fileRef = 98614126A8D779C4393A835E /* Pods_English_CardsUITests.framework */; };
		462D87C122CBD80E00A19E00 /* AppDelegate.swift in Sources */ = {isa = PBXBuildFile; fileRef = 462D87C022CBD80E00A19E00 /* AppDelegate.swift */; };
		462D87C322CBD80E00A19E00 /* ViewController.swift in Sources */ = {isa = PBXBuildFile; fileRef = 462D87C222CBD80E00A19E00 /* ViewController.swift */; };
		462D87C622CBD80E00A19E00 /* Main.storyboard in Resources */ = {isa = PBXBuildFile; fileRef = 462D87C422CBD80E00A19E00 /* Main.storyboard */; };
		462D87C822CBD81000A19E00 /* Assets.xcassets in Resources */ = {isa = PBXBuildFile; fileRef = 462D87C722CBD81000A19E00 /* Assets.xcassets */; };
		462D87CB22CBD81000A19E00 /* LaunchScreen.storyboard in Resources */ = {isa = PBXBuildFile; fileRef = 462D87C922CBD81000A19E00 /* LaunchScreen.storyboard */; };
		462D87D622CBD81000A19E00 /* English_CardsTests.swift in Sources */ = {isa = PBXBuildFile; fileRef = 462D87D522CBD81000A19E00 /* English_CardsTests.swift */; };
		462D87E122CBD81000A19E00 /* English_CardsUITests.swift in Sources */ = {isa = PBXBuildFile; fileRef = 462D87E022CBD81000A19E00 /* English_CardsUITests.swift */; };
		462D87EF22CBE83200A19E00 /* AddingViewController.swift in Sources */ = {isa = PBXBuildFile; fileRef = 462D87EE22CBE83200A19E00 /* AddingViewController.swift */; };
		465F523022CBF58F00950F07 /* Words.swift in Sources */ = {isa = PBXBuildFile; fileRef = 465F522F22CBF58F00950F07 /* Words.swift */; };
		46AA0FD622CD306300D00508 /* LearningViewController.swift in Sources */ = {isa = PBXBuildFile; fileRef = 46AA0FD522CD306300D00508 /* LearningViewController.swift */; };
		46AA0FD822CD475F00D00508 /* SingletonDataModel.swift in Sources */ = {isa = PBXBuildFile; fileRef = 46AA0FD722CD475F00D00508 /* SingletonDataModel.swift */; };
		6B3C48D2C48AE33DFCC29B72 /* Pods_English_CardsTests.framework in Frameworks */ = {isa = PBXBuildFile; fileRef = 055AB66117B9B2C2369F5A2E /* Pods_English_CardsTests.framework */; };
		F28D6EAADC21632AC7F7C3C5 /* Pods_English_Cards.framework in Frameworks */ = {isa = PBXBuildFile; fileRef = 7A4D2CD64DBE45CED41E94AB /* Pods_English_Cards.framework */; };
/* End PBXBuildFile section */

/* Begin PBXContainerItemProxy section */
		462D87D222CBD81000A19E00 /* PBXContainerItemProxy */ = {
			isa = PBXContainerItemProxy;
			containerPortal = 462D87B522CBD80E00A19E00 /* Project object */;
			proxyType = 1;
			remoteGlobalIDString = 462D87BC22CBD80E00A19E00;
			remoteInfo = "English Cards";
		};
		462D87DD22CBD81000A19E00 /* PBXContainerItemProxy */ = {
			isa = PBXContainerItemProxy;
			containerPortal = 462D87B522CBD80E00A19E00 /* Project object */;
			proxyType = 1;
			remoteGlobalIDString = 462D87BC22CBD80E00A19E00;
			remoteInfo = "English Cards";
		};
/* End PBXContainerItemProxy section */

/* Begin PBXFileReference section */
		00F6AB455074D4C4C417E5ED /* Pods-English CardsUITests.release.xcconfig */ = {isa = PBXFileReference; includeInIndex = 1; lastKnownFileType = text.xcconfig; name = "Pods-English CardsUITests.release.xcconfig"; path = "Target Support Files/Pods-English CardsUITests/Pods-English CardsUITests.release.xcconfig"; sourceTree = "<group>"; };
		055AB66117B9B2C2369F5A2E /* Pods_English_CardsTests.framework */ = {isa = PBXFileReference; explicitFileType = wrapper.framework; includeInIndex = 0; path = Pods_English_CardsTests.framework; sourceTree = BUILT_PRODUCTS_DIR; };
		09C7C9072B6B924462BD2490 /* Pods-English CardsTests.release.xcconfig */ = {isa = PBXFileReference; includeInIndex = 1; lastKnownFileType = text.xcconfig; name = "Pods-English CardsTests.release.xcconfig"; path = "Target Support Files/Pods-English CardsTests/Pods-English CardsTests.release.xcconfig"; sourceTree = "<group>"; };
		462D87BD22CBD80E00A19E00 /* English Cards.app */ = {isa = PBXFileReference; explicitFileType = wrapper.application; includeInIndex = 0; path = "English Cards.app"; sourceTree = BUILT_PRODUCTS_DIR; };
		462D87C022CBD80E00A19E00 /* AppDelegate.swift */ = {isa = PBXFileReference; lastKnownFileType = sourcecode.swift; path = AppDelegate.swift; sourceTree = "<group>"; };
		462D87C222CBD80E00A19E00 /* ViewController.swift */ = {isa = PBXFileReference; lastKnownFileType = sourcecode.swift; path = ViewController.swift; sourceTree = "<group>"; };
		462D87C522CBD80E00A19E00 /* Base */ = {isa = PBXFileReference; lastKnownFileType = file.storyboard; name = Base; path = Base.lproj/Main.storyboard; sourceTree = "<group>"; };
		462D87C722CBD81000A19E00 /* Assets.xcassets */ = {isa = PBXFileReference; lastKnownFileType = folder.assetcatalog; path = Assets.xcassets; sourceTree = "<group>"; };
		462D87CA22CBD81000A19E00 /* Base */ = {isa = PBXFileReference; lastKnownFileType = file.storyboard; name = Base; path = Base.lproj/LaunchScreen.storyboard; sourceTree = "<group>"; };
		462D87CC22CBD81000A19E00 /* Info.plist */ = {isa = PBXFileReference; lastKnownFileType = text.plist.xml; path = Info.plist; sourceTree = "<group>"; };
		462D87D122CBD81000A19E00 /* English CardsTests.xctest */ = {isa = PBXFileReference; explicitFileType = wrapper.cfbundle; includeInIndex = 0; path = "English CardsTests.xctest"; sourceTree = BUILT_PRODUCTS_DIR; };
		462D87D522CBD81000A19E00 /* English_CardsTests.swift */ = {isa = PBXFileReference; lastKnownFileType = sourcecode.swift; path = English_CardsTests.swift; sourceTree = "<group>"; };
		462D87D722CBD81000A19E00 /* Info.plist */ = {isa = PBXFileReference; lastKnownFileType = text.plist.xml; path = Info.plist; sourceTree = "<group>"; };
		462D87DC22CBD81000A19E00 /* English CardsUITests.xctest */ = {isa = PBXFileReference; explicitFileType = wrapper.cfbundle; includeInIndex = 0; path = "English CardsUITests.xctest"; sourceTree = BUILT_PRODUCTS_DIR; };
		462D87E022CBD81000A19E00 /* English_CardsUITests.swift */ = {isa = PBXFileReference; lastKnownFileType = sourcecode.swift; path = English_CardsUITests.swift; sourceTree = "<group>"; };
		462D87E222CBD81000A19E00 /* Info.plist */ = {isa = PBXFileReference; lastKnownFileType = text.plist.xml; path = Info.plist; sourceTree = "<group>"; };
		462D87EE22CBE83200A19E00 /* AddingViewController.swift */ = {isa = PBXFileReference; lastKnownFileType = sourcecode.swift; path = AddingViewController.swift; sourceTree = "<group>"; };
		465F522F22CBF58F00950F07 /* Words.swift */ = {isa = PBXFileReference; lastKnownFileType = sourcecode.swift; path = Words.swift; sourceTree = "<group>"; };
		46AA0FD522CD306300D00508 /* LearningViewController.swift */ = {isa = PBXFileReference; lastKnownFileType = sourcecode.swift; path = LearningViewController.swift; sourceTree = "<group>"; };
		46AA0FD722CD475F00D00508 /* SingletonDataModel.swift */ = {isa = PBXFileReference; lastKnownFileType = sourcecode.swift; path = SingletonDataModel.swift; sourceTree = "<group>"; };
		46CB9CE5FDBD8B010643B6FC /* Pods-English CardsUITests.debug.xcconfig */ = {isa = PBXFileReference; includeInIndex = 1; lastKnownFileType = text.xcconfig; name = "Pods-English CardsUITests.debug.xcconfig"; path = "Target Support Files/Pods-English CardsUITests/Pods-English CardsUITests.debug.xcconfig"; sourceTree = "<group>"; };
		6630B04F195889508B60D925 /* Pods-English CardsTests.debug.xcconfig */ = {isa = PBXFileReference; includeInIndex = 1; lastKnownFileType = text.xcconfig; name = "Pods-English CardsTests.debug.xcconfig"; path = "Target Support Files/Pods-English CardsTests/Pods-English CardsTests.debug.xcconfig"; sourceTree = "<group>"; };
		7A4D2CD64DBE45CED41E94AB /* Pods_English_Cards.framework */ = {isa = PBXFileReference; explicitFileType = wrapper.framework; includeInIndex = 0; path = Pods_English_Cards.framework; sourceTree = BUILT_PRODUCTS_DIR; };
		9336F24AFE57D78ABAC7D243 /* Pods-English Cards.debug.xcconfig */ = {isa = PBXFileReference; includeInIndex = 1; lastKnownFileType = text.xcconfig; name = "Pods-English Cards.debug.xcconfig"; path = "Target Support Files/Pods-English Cards/Pods-English Cards.debug.xcconfig"; sourceTree = "<group>"; };
		98614126A8D779C4393A835E /* Pods_English_CardsUITests.framework */ = {isa = PBXFileReference; explicitFileType = wrapper.framework; includeInIndex = 0; path = Pods_English_CardsUITests.framework; sourceTree = BUILT_PRODUCTS_DIR; };
		BBE3A9B4F45BAD84DE63A493 /* Pods-English Cards.release.xcconfig */ = {isa = PBXFileReference; includeInIndex = 1; lastKnownFileType = text.xcconfig; name = "Pods-English Cards.release.xcconfig"; path = "Target Support Files/Pods-English Cards/Pods-English Cards.release.xcconfig"; sourceTree = "<group>"; };
/* End PBXFileReference section */

/* Begin PBXFrameworksBuildPhase section */
		462D87BA22CBD80E00A19E00 /* Frameworks */ = {
			isa = PBXFrameworksBuildPhase;
			buildActionMask = 2147483647;
			files = (
				F28D6EAADC21632AC7F7C3C5 /* Pods_English_Cards.framework in Frameworks */,
			);
			runOnlyForDeploymentPostprocessing = 0;
		};
		462D87CE22CBD81000A19E00 /* Frameworks */ = {
			isa = PBXFrameworksBuildPhase;
			buildActionMask = 2147483647;
			files = (
				6B3C48D2C48AE33DFCC29B72 /* Pods_English_CardsTests.framework in Frameworks */,
			);
			runOnlyForDeploymentPostprocessing = 0;
		};
		462D87D922CBD81000A19E00 /* Frameworks */ = {
			isa = PBXFrameworksBuildPhase;
			buildActionMask = 2147483647;
			files = (
				016BBC1121D644C3CF9BB12A /* Pods_English_CardsUITests.framework in Frameworks */,
			);
			runOnlyForDeploymentPostprocessing = 0;
		};
/* End PBXFrameworksBuildPhase section */

/* Begin PBXGroup section */
		462D87B422CBD80E00A19E00 = {
			isa = PBXGroup;
			children = (
				462D87BF22CBD80E00A19E00 /* English Cards */,
				462D87D422CBD81000A19E00 /* English CardsTests */,
				462D87DF22CBD81000A19E00 /* English CardsUITests */,
				462D87BE22CBD80E00A19E00 /* Products */,
				9E70198423D1E7A1B9138DA8 /* Pods */,
				7C9E30AE0C304370263C3CE4 /* Frameworks */,
			);
			sourceTree = "<group>";
		};
		462D87BE22CBD80E00A19E00 /* Products */ = {
			isa = PBXGroup;
			children = (
				462D87BD22CBD80E00A19E00 /* English Cards.app */,
				462D87D122CBD81000A19E00 /* English CardsTests.xctest */,
				462D87DC22CBD81000A19E00 /* English CardsUITests.xctest */,
			);
			name = Products;
			sourceTree = "<group>";
		};
		462D87BF22CBD80E00A19E00 /* English Cards */ = {
			isa = PBXGroup;
			children = (
				462D87C022CBD80E00A19E00 /* AppDelegate.swift */,
				462D87C222CBD80E00A19E00 /* ViewController.swift */,
				462D87EE22CBE83200A19E00 /* AddingViewController.swift */,
				46AA0FD522CD306300D00508 /* LearningViewController.swift */,
				462D87C422CBD80E00A19E00 /* Main.storyboard */,
				462D87C722CBD81000A19E00 /* Assets.xcassets */,
				462D87C922CBD81000A19E00 /* LaunchScreen.storyboard */,
				462D87CC22CBD81000A19E00 /* Info.plist */,
				465F522F22CBF58F00950F07 /* Words.swift */,
				46AA0FD722CD475F00D00508 /* SingletonDataModel.swift */,
			);
			path = "English Cards";
			sourceTree = "<group>";
		};
		462D87D422CBD81000A19E00 /* English CardsTests */ = {
			isa = PBXGroup;
			children = (
				462D87D522CBD81000A19E00 /* English_CardsTests.swift */,
				462D87D722CBD81000A19E00 /* Info.plist */,
			);
			path = "English CardsTests";
			sourceTree = "<group>";
		};
		462D87DF22CBD81000A19E00 /* English CardsUITests */ = {
			isa = PBXGroup;
			children = (
				462D87E022CBD81000A19E00 /* English_CardsUITests.swift */,
				462D87E222CBD81000A19E00 /* Info.plist */,
			);
			path = "English CardsUITests";
			sourceTree = "<group>";
		};
		7C9E30AE0C304370263C3CE4 /* Frameworks */ = {
			isa = PBXGroup;
			children = (
				7A4D2CD64DBE45CED41E94AB /* Pods_English_Cards.framework */,
				055AB66117B9B2C2369F5A2E /* Pods_English_CardsTests.framework */,
				98614126A8D779C4393A835E /* Pods_English_CardsUITests.framework */,
			);
			name = Frameworks;
			sourceTree = "<group>";
		};
		9E70198423D1E7A1B9138DA8 /* Pods */ = {
			isa = PBXGroup;
			children = (
				9336F24AFE57D78ABAC7D243 /* Pods-English Cards.debug.xcconfig */,
				BBE3A9B4F45BAD84DE63A493 /* Pods-English Cards.release.xcconfig */,
				6630B04F195889508B60D925 /* Pods-English CardsTests.debug.xcconfig */,
				09C7C9072B6B924462BD2490 /* Pods-English CardsTests.release.xcconfig */,
				46CB9CE5FDBD8B010643B6FC /* Pods-English CardsUITests.debug.xcconfig */,
				00F6AB455074D4C4C417E5ED /* Pods-English CardsUITests.release.xcconfig */,
			);
			path = Pods;
			sourceTree = "<group>";
		};
/* End PBXGroup section */

/* Begin PBXNativeTarget section */
		462D87BC22CBD80E00A19E00 /* English Cards */ = {
			isa = PBXNativeTarget;
			buildConfigurationList = 462D87E522CBD81000A19E00 /* Build configuration list for PBXNativeTarget "English Cards" */;
			buildPhases = (
				62662522649C163865AAEFB5 /* [CP] Check Pods Manifest.lock */,
				462D87B922CBD80E00A19E00 /* Sources */,
				462D87BA22CBD80E00A19E00 /* Frameworks */,
				462D87BB22CBD80E00A19E00 /* Resources */,
				16846FC656BD2D7C16A8E708 /* [CP] Embed Pods Frameworks */,
			);
			buildRules = (
			);
			dependencies = (
			);
			name = "English Cards";
			productName = "English Cards";
			productReference = 462D87BD22CBD80E00A19E00 /* English Cards.app */;
			productType = "com.apple.product-type.application";
		};
		462D87D022CBD81000A19E00 /* English CardsTests */ = {
			isa = PBXNativeTarget;
			buildConfigurationList = 462D87E822CBD81000A19E00 /* Build configuration list for PBXNativeTarget "English CardsTests" */;
			buildPhases = (
				01DC6FC2F43F442006937F76 /* [CP] Check Pods Manifest.lock */,
				462D87CD22CBD81000A19E00 /* Sources */,
				462D87CE22CBD81000A19E00 /* Frameworks */,
				462D87CF22CBD81000A19E00 /* Resources */,
			);
			buildRules = (
			);
			dependencies = (
				462D87D322CBD81000A19E00 /* PBXTargetDependency */,
			);
			name = "English CardsTests";
			productName = "English CardsTests";
			productReference = 462D87D122CBD81000A19E00 /* English CardsTests.xctest */;
			productType = "com.apple.product-type.bundle.unit-test";
		};
		462D87DB22CBD81000A19E00 /* English CardsUITests */ = {
			isa = PBXNativeTarget;
			buildConfigurationList = 462D87EB22CBD81000A19E00 /* Build configuration list for PBXNativeTarget "English CardsUITests" */;
			buildPhases = (
				A9459F32A5ED3488CB2E6555 /* [CP] Check Pods Manifest.lock */,
				462D87D822CBD81000A19E00 /* Sources */,
				462D87D922CBD81000A19E00 /* Frameworks */,
				462D87DA22CBD81000A19E00 /* Resources */,
			);
			buildRules = (
			);
			dependencies = (
				462D87DE22CBD81000A19E00 /* PBXTargetDependency */,
			);
			name = "English CardsUITests";
			productName = "English CardsUITests";
			productReference = 462D87DC22CBD81000A19E00 /* English CardsUITests.xctest */;
			productType = "com.apple.product-type.bundle.ui-testing";
		};
/* End PBXNativeTarget section */

/* Begin PBXProject section */
		462D87B522CBD80E00A19E00 /* Project object */ = {
			isa = PBXProject;
			attributes = {
				LastSwiftUpdateCheck = 1010;
				LastUpgradeCheck = 1010;
				ORGANIZATIONNAME = "Aleksandr Vorobev";
				TargetAttributes = {
					462D87BC22CBD80E00A19E00 = {
						CreatedOnToolsVersion = 10.1;
					};
					462D87D022CBD81000A19E00 = {
						CreatedOnToolsVersion = 10.1;
						TestTargetID = 462D87BC22CBD80E00A19E00;
					};
					462D87DB22CBD81000A19E00 = {
						CreatedOnToolsVersion = 10.1;
						TestTargetID = 462D87BC22CBD80E00A19E00;
					};
				};
			};
			buildConfigurationList = 462D87B822CBD80E00A19E00 /* Build configuration list for PBXProject "English Cards" */;
			compatibilityVersion = "Xcode 9.3";
			developmentRegion = en;
			hasScannedForEncodings = 0;
			knownRegions = (
				en,
				Base,
			);
			mainGroup = 462D87B422CBD80E00A19E00;
			productRefGroup = 462D87BE22CBD80E00A19E00 /* Products */;
			projectDirPath = "";
			projectRoot = "";
			targets = (
				462D87BC22CBD80E00A19E00 /* English Cards */,
				462D87D022CBD81000A19E00 /* English CardsTests */,
				462D87DB22CBD81000A19E00 /* English CardsUITests */,
			);
		};
/* End PBXProject section */

/* Begin PBXResourcesBuildPhase section */
		462D87BB22CBD80E00A19E00 /* Resources */ = {
			isa = PBXResourcesBuildPhase;
			buildActionMask = 2147483647;
			files = (
				462D87CB22CBD81000A19E00 /* LaunchScreen.storyboard in Resources */,
				462D87C822CBD81000A19E00 /* Assets.xcassets in Resources */,
				462D87C622CBD80E00A19E00 /* Main.storyboard in Resources */,
			);
			runOnlyForDeploymentPostprocessing = 0;
		};
		462D87CF22CBD81000A19E00 /* Resources */ = {
			isa = PBXResourcesBuildPhase;
			buildActionMask = 2147483647;
			files = (
			);
			runOnlyForDeploymentPostprocessing = 0;
		};
		462D87DA22CBD81000A19E00 /* Resources */ = {
			isa = PBXResourcesBuildPhase;
			buildActionMask = 2147483647;
			files = (
			);
			runOnlyForDeploymentPostprocessing = 0;
		};
/* End PBXResourcesBuildPhase section */

/* Begin PBXShellScriptBuildPhase section */
		01DC6FC2F43F442006937F76 /* [CP] Check Pods Manifest.lock */ = {
			isa = PBXShellScriptBuildPhase;
			buildActionMask = 2147483647;
			files = (
			);
			inputFileListPaths = (
			);
			inputPaths = (
				"${PODS_PODFILE_DIR_PATH}/Podfile.lock",
				"${PODS_ROOT}/Manifest.lock",
			);
			name = "[CP] Check Pods Manifest.lock";
			outputFileListPaths = (
			);
			outputPaths = (
				"$(DERIVED_FILE_DIR)/Pods-English CardsTests-checkManifestLockResult.txt",
			);
			runOnlyForDeploymentPostprocessing = 0;
			shellPath = /bin/sh;
			shellScript = "diff \"${PODS_PODFILE_DIR_PATH}/Podfile.lock\" \"${PODS_ROOT}/Manifest.lock\" > /dev/null\nif [ $? != 0 ] ; then\n    # print error to STDERR\n    echo \"error: The sandbox is not in sync with the Podfile.lock. Run 'pod install' or update your CocoaPods installation.\" >&2\n    exit 1\nfi\n# This output is used by Xcode 'outputs' to avoid re-running this script phase.\necho \"SUCCESS\" > \"${SCRIPT_OUTPUT_FILE_0}\"\n";
			showEnvVarsInLog = 0;
		};
		16846FC656BD2D7C16A8E708 /* [CP] Embed Pods Frameworks */ = {
			isa = PBXShellScriptBuildPhase;
			buildActionMask = 2147483647;
			files = (
			);
			inputFileListPaths = (
				"${PODS_ROOT}/Target Support Files/Pods-English Cards/Pods-English Cards-frameworks-${CONFIGURATION}-input-files.xcfilelist",
			);
			name = "[CP] Embed Pods Frameworks";
			outputFileListPaths = (
				"${PODS_ROOT}/Target Support Files/Pods-English Cards/Pods-English Cards-frameworks-${CONFIGURATION}-output-files.xcfilelist",
			);
			runOnlyForDeploymentPostprocessing = 0;
			shellPath = /bin/sh;
			shellScript = "\"${PODS_ROOT}/Target Support Files/Pods-English Cards/Pods-English Cards-frameworks.sh\"\n";
			showEnvVarsInLog = 0;
		};
		62662522649C163865AAEFB5 /* [CP] Check Pods Manifest.lock */ = {
			isa = PBXShellScriptBuildPhase;
			buildActionMask = 2147483647;
			files = (
			);
			inputFileListPaths = (
			);
			inputPaths = (
				"${PODS_PODFILE_DIR_PATH}/Podfile.lock",
				"${PODS_ROOT}/Manifest.lock",
			);
			name = "[CP] Check Pods Manifest.lock";
			outputFileListPaths = (
			);
			outputPaths = (
				"$(DERIVED_FILE_DIR)/Pods-English Cards-checkManifestLockResult.txt",
			);
			runOnlyForDeploymentPostprocessing = 0;
			shellPath = /bin/sh;
			shellScript = "diff \"${PODS_PODFILE_DIR_PATH}/Podfile.lock\" \"${PODS_ROOT}/Manifest.lock\" > /dev/null\nif [ $? != 0 ] ; then\n    # print error to STDERR\n    echo \"error: The sandbox is not in sync with the Podfile.lock. Run 'pod install' or update your CocoaPods installation.\" >&2\n    exit 1\nfi\n# This output is used by Xcode 'outputs' to avoid re-running this script phase.\necho \"SUCCESS\" > \"${SCRIPT_OUTPUT_FILE_0}\"\n";
			showEnvVarsInLog = 0;
		};
		A9459F32A5ED3488CB2E6555 /* [CP] Check Pods Manifest.lock */ = {
			isa = PBXShellScriptBuildPhase;
			buildActionMask = 2147483647;
			files = (
			);
			inputFileListPaths = (
			);
			inputPaths = (
				"${PODS_PODFILE_DIR_PATH}/Podfile.lock",
				"${PODS_ROOT}/Manifest.lock",
			);
			name = "[CP] Check Pods Manifest.lock";
			outputFileListPaths = (
			);
			outputPaths = (
				"$(DERIVED_FILE_DIR)/Pods-English CardsUITests-checkManifestLockResult.txt",
			);
			runOnlyForDeploymentPostprocessing = 0;
			shellPath = /bin/sh;
			shellScript = "diff \"${PODS_PODFILE_DIR_PATH}/Podfile.lock\" \"${PODS_ROOT}/Manifest.lock\" > /dev/null\nif [ $? != 0 ] ; then\n    # print error to STDERR\n    echo \"error: The sandbox is not in sync with the Podfile.lock. Run 'pod install' or update your CocoaPods installation.\" >&2\n    exit 1\nfi\n# This output is used by Xcode 'outputs' to avoid re-running this script phase.\necho \"SUCCESS\" > \"${SCRIPT_OUTPUT_FILE_0}\"\n";
			showEnvVarsInLog = 0;
		};
/* End PBXShellScriptBuildPhase section */

/* Begin PBXSourcesBuildPhase section */
		462D87B922CBD80E00A19E00 /* Sources */ = {
			isa = PBXSourcesBuildPhase;
			buildActionMask = 2147483647;
			files = (
				462D87EF22CBE83200A19E00 /* AddingViewController.swift in Sources */,
				46AA0FD822CD475F00D00508 /* SingletonDataModel.swift in Sources */,
				465F523022CBF58F00950F07 /* Words.swift in Sources */,
				46AA0FD622CD306300D00508 /* LearningViewController.swift in Sources */,
				462D87C322CBD80E00A19E00 /* ViewController.swift in Sources */,
				462D87C122CBD80E00A19E00 /* AppDelegate.swift in Sources */,
			);
			runOnlyForDeploymentPostprocessing = 0;
		};
		462D87CD22CBD81000A19E00 /* Sources */ = {
			isa = PBXSourcesBuildPhase;
			buildActionMask = 2147483647;
			files = (
				462D87D622CBD81000A19E00 /* English_CardsTests.swift in Sources */,
			);
			runOnlyForDeploymentPostprocessing = 0;
		};
		462D87D822CBD81000A19E00 /* Sources */ = {
			isa = PBXSourcesBuildPhase;
			buildActionMask = 2147483647;
			files = (
				462D87E122CBD81000A19E00 /* English_CardsUITests.swift in Sources */,
			);
			runOnlyForDeploymentPostprocessing = 0;
		};
/* End PBXSourcesBuildPhase section */

/* Begin PBXTargetDependency section */
		462D87D322CBD81000A19E00 /* PBXTargetDependency */ = {
			isa = PBXTargetDependency;
			target = 462D87BC22CBD80E00A19E00 /* English Cards */;
			targetProxy = 462D87D222CBD81000A19E00 /* PBXContainerItemProxy */;
		};
		462D87DE22CBD81000A19E00 /* PBXTargetDependency */ = {
			isa = PBXTargetDependency;
			target = 462D87BC22CBD80E00A19E00 /* English Cards */;
			targetProxy = 462D87DD22CBD81000A19E00 /* PBXContainerItemProxy */;
		};
/* End PBXTargetDependency section */

/* Begin PBXVariantGroup section */
		462D87C422CBD80E00A19E00 /* Main.storyboard */ = {
			isa = PBXVariantGroup;
			children = (
				462D87C522CBD80E00A19E00 /* Base */,
			);
			name = Main.storyboard;
			sourceTree = "<group>";
		};
		462D87C922CBD81000A19E00 /* LaunchScreen.storyboard */ = {
			isa = PBXVariantGroup;
			children = (
				462D87CA22CBD81000A19E00 /* Base */,
			);
			name = LaunchScreen.storyboard;
			sourceTree = "<group>";
		};
/* End PBXVariantGroup section */

/* Begin XCBuildConfiguration section */
		462D87E322CBD81000A19E00 /* Debug */ = {
			isa = XCBuildConfiguration;
			buildSettings = {
				ALWAYS_SEARCH_USER_PATHS = NO;
				CLANG_ANALYZER_NONNULL = YES;
				CLANG_ANALYZER_NUMBER_OBJECT_CONVERSION = YES_AGGRESSIVE;
				CLANG_CXX_LANGUAGE_STANDARD = "gnu++14";
				CLANG_CXX_LIBRARY = "libc++";
				CLANG_ENABLE_MODULES = YES;
				CLANG_ENABLE_OBJC_ARC = YES;
				CLANG_ENABLE_OBJC_WEAK = YES;
				CLANG_WARN_BLOCK_CAPTURE_AUTORELEASING = YES;
				CLANG_WARN_BOOL_CONVERSION = YES;
				CLANG_WARN_COMMA = YES;
				CLANG_WARN_CONSTANT_CONVERSION = YES;
				CLANG_WARN_DEPRECATED_OBJC_IMPLEMENTATIONS = YES;
				CLANG_WARN_DIRECT_OBJC_ISA_USAGE = YES_ERROR;
				CLANG_WARN_DOCUMENTATION_COMMENTS = YES;
				CLANG_WARN_EMPTY_BODY = YES;
				CLANG_WARN_ENUM_CONVERSION = YES;
				CLANG_WARN_INFINITE_RECURSION = YES;
				CLANG_WARN_INT_CONVERSION = YES;
				CLANG_WARN_NON_LITERAL_NULL_CONVERSION = YES;
				CLANG_WARN_OBJC_IMPLICIT_RETAIN_SELF = YES;
				CLANG_WARN_OBJC_LITERAL_CONVERSION = YES;
				CLANG_WARN_OBJC_ROOT_CLASS = YES_ERROR;
				CLANG_WARN_RANGE_LOOP_ANALYSIS = YES;
				CLANG_WARN_STRICT_PROTOTYPES = YES;
				CLANG_WARN_SUSPICIOUS_MOVE = YES;
				CLANG_WARN_UNGUARDED_AVAILABILITY = YES_AGGRESSIVE;
				CLANG_WARN_UNREACHABLE_CODE = YES;
				CLANG_WARN__DUPLICATE_METHOD_MATCH = YES;
				CODE_SIGN_IDENTITY = "iPhone Developer";
				COPY_PHASE_STRIP = NO;
				DEBUG_INFORMATION_FORMAT = dwarf;
				ENABLE_STRICT_OBJC_MSGSEND = YES;
				ENABLE_TESTABILITY = YES;
				GCC_C_LANGUAGE_STANDARD = gnu11;
				GCC_DYNAMIC_NO_PIC = NO;
				GCC_NO_COMMON_BLOCKS = YES;
				GCC_OPTIMIZATION_LEVEL = 0;
				GCC_PREPROCESSOR_DEFINITIONS = (
					"DEBUG=1",
					"$(inherited)",
				);
				GCC_WARN_64_TO_32_BIT_CONVERSION = YES;
				GCC_WARN_ABOUT_RETURN_TYPE = YES_ERROR;
				GCC_WARN_UNDECLARED_SELECTOR = YES;
				GCC_WARN_UNINITIALIZED_AUTOS = YES_AGGRESSIVE;
				GCC_WARN_UNUSED_FUNCTION = YES;
				GCC_WARN_UNUSED_VARIABLE = YES;
				IPHONEOS_DEPLOYMENT_TARGET = 12.1;
				MTL_ENABLE_DEBUG_INFO = INCLUDE_SOURCE;
				MTL_FAST_MATH = YES;
				ONLY_ACTIVE_ARCH = YES;
				SDKROOT = iphoneos;
				SWIFT_ACTIVE_COMPILATION_CONDITIONS = DEBUG;
				SWIFT_OPTIMIZATION_LEVEL = "-Onone";
			};
			name = Debug;
		};
		462D87E422CBD81000A19E00 /* Release */ = {
			isa = XCBuildConfiguration;
			buildSettings = {
				ALWAYS_SEARCH_USER_PATHS = NO;
				CLANG_ANALYZER_NONNULL = YES;
				CLANG_ANALYZER_NUMBER_OBJECT_CONVERSION = YES_AGGRESSIVE;
				CLANG_CXX_LANGUAGE_STANDARD = "gnu++14";
				CLANG_CXX_LIBRARY = "libc++";
				CLANG_ENABLE_MODULES = YES;
				CLANG_ENABLE_OBJC_ARC = YES;
				CLANG_ENABLE_OBJC_WEAK = YES;
				CLANG_WARN_BLOCK_CAPTURE_AUTORELEASING = YES;
				CLANG_WARN_BOOL_CONVERSION = YES;
				CLANG_WARN_COMMA = YES;
				CLANG_WARN_CONSTANT_CONVERSION = YES;
				CLANG_WARN_DEPRECATED_OBJC_IMPLEMENTATIONS = YES;
				CLANG_WARN_DIRECT_OBJC_ISA_USAGE = YES_ERROR;
				CLANG_WARN_DOCUMENTATION_COMMENTS = YES;
				CLANG_WARN_EMPTY_BODY = YES;
				CLANG_WARN_ENUM_CONVERSION = YES;
				CLANG_WARN_INFINITE_RECURSION = YES;
				CLANG_WARN_INT_CONVERSION = YES;
				CLANG_WARN_NON_LITERAL_NULL_CONVERSION = YES;
				CLANG_WARN_OBJC_IMPLICIT_RETAIN_SELF = YES;
				CLANG_WARN_OBJC_LITERAL_CONVERSION = YES;
				CLANG_WARN_OBJC_ROOT_CLASS = YES_ERROR;
				CLANG_WARN_RANGE_LOOP_ANALYSIS = YES;
				CLANG_WARN_STRICT_PROTOTYPES = YES;
				CLANG_WARN_SUSPICIOUS_MOVE = YES;
				CLANG_WARN_UNGUARDED_AVAILABILITY = YES_AGGRESSIVE;
				CLANG_WARN_UNREACHABLE_CODE = YES;
				CLANG_WARN__DUPLICATE_METHOD_MATCH = YES;
				CODE_SIGN_IDENTITY = "iPhone Developer";
				COPY_PHASE_STRIP = NO;
				DEBUG_INFORMATION_FORMAT = "dwarf-with-dsym";
				ENABLE_NS_ASSERTIONS = NO;
				ENABLE_STRICT_OBJC_MSGSEND = YES;
				GCC_C_LANGUAGE_STANDARD = gnu11;
				GCC_NO_COMMON_BLOCKS = YES;
				GCC_WARN_64_TO_32_BIT_CONVERSION = YES;
				GCC_WARN_ABOUT_RETURN_TYPE = YES_ERROR;
				GCC_WARN_UNDECLARED_SELECTOR = YES;
				GCC_WARN_UNINITIALIZED_AUTOS = YES_AGGRESSIVE;
				GCC_WARN_UNUSED_FUNCTION = YES;
				GCC_WARN_UNUSED_VARIABLE = YES;
				IPHONEOS_DEPLOYMENT_TARGET = 12.1;
				MTL_ENABLE_DEBUG_INFO = NO;
				MTL_FAST_MATH = YES;
				SDKROOT = iphoneos;
				SWIFT_COMPILATION_MODE = wholemodule;
				SWIFT_OPTIMIZATION_LEVEL = "-O";
				VALIDATE_PRODUCT = YES;
			};
			name = Release;
		};
		462D87E622CBD81000A19E00 /* Debug */ = {
			isa = XCBuildConfiguration;
			baseConfigurationReference = 9336F24AFE57D78ABAC7D243 /* Pods-English Cards.debug.xcconfig */;
			buildSettings = {
				ASSETCATALOG_COMPILER_APPICON_NAME = AppIcon;
				CODE_SIGN_STYLE = Automatic;
				DEVELOPMENT_TEAM = TV4Z7NX6LB;
				INFOPLIST_FILE = "English Cards/Info.plist";
				IPHONEOS_DEPLOYMENT_TARGET = 9.0;
				LD_RUNPATH_SEARCH_PATHS = (
					"$(inherited)",
					"@executable_path/Frameworks",
				);
				PRODUCT_BUNDLE_IDENTIFIER = "com.AleVoro.English-Cards";
				PRODUCT_NAME = "$(TARGET_NAME)";
				SWIFT_VERSION = 4.2;
				TARGETED_DEVICE_FAMILY = "1,2";
			};
			name = Debug;
		};
		462D87E722CBD81000A19E00 /* Release */ = {
			isa = XCBuildConfiguration;
			baseConfigurationReference = BBE3A9B4F45BAD84DE63A493 /* Pods-English Cards.release.xcconfig */;
			buildSettings = {
				ASSETCATALOG_COMPILER_APPICON_NAME = AppIcon;
				CODE_SIGN_STYLE = Automatic;
				DEVELOPMENT_TEAM = TV4Z7NX6LB;
				INFOPLIST_FILE = "English Cards/Info.plist";
				IPHONEOS_DEPLOYMENT_TARGET = 9.0;
				LD_RUNPATH_SEARCH_PATHS = (
					"$(inherited)",
					"@executable_path/Frameworks",
				);
				PRODUCT_BUNDLE_IDENTIFIER = "com.AleVoro.English-Cards";
				PRODUCT_NAME = "$(TARGET_NAME)";
				SWIFT_VERSION = 4.2;
				TARGETED_DEVICE_FAMILY = "1,2";
			};
			name = Release;
		};
		462D87E922CBD81000A19E00 /* Debug */ = {
			isa = XCBuildConfiguration;
			baseConfigurationReference = 6630B04F195889508B60D925 /* Pods-English CardsTests.debug.xcconfig */;
			buildSettings = {
				ALWAYS_EMBED_SWIFT_STANDARD_LIBRARIES = YES;
				BUNDLE_LOADER = "$(TEST_HOST)";
				CODE_SIGN_STYLE = Automatic;
				DEVELOPMENT_TEAM = TV4Z7NX6LB;
				INFOPLIST_FILE = "English CardsTests/Info.plist";
				LD_RUNPATH_SEARCH_PATHS = (
					"$(inherited)",
					"@executable_path/Frameworks",
					"@loader_path/Frameworks",
				);
				PRODUCT_BUNDLE_IDENTIFIER = "com.AleVoro.English-CardsTests";
				PRODUCT_NAME = "$(TARGET_NAME)";
				SWIFT_VERSION = 4.2;
				TARGETED_DEVICE_FAMILY = "1,2";
				TEST_HOST = "$(BUILT_PRODUCTS_DIR)/English Cards.app/English Cards";
			};
			name = Debug;
		};
		462D87EA22CBD81000A19E00 /* Release */ = {
			isa = XCBuildConfiguration;
			baseConfigurationReference = 09C7C9072B6B924462BD2490 /* Pods-English CardsTests.release.xcconfig */;
			buildSettings = {
				ALWAYS_EMBED_SWIFT_STANDARD_LIBRARIES = YES;
				BUNDLE_LOADER = "$(TEST_HOST)";
				CODE_SIGN_STYLE = Automatic;
				DEVELOPMENT_TEAM = TV4Z7NX6LB;
				INFOPLIST_FILE = "English CardsTests/Info.plist";
				LD_RUNPATH_SEARCH_PATHS = (
					"$(inherited)",
					"@executable_path/Frameworks",
					"@loader_path/Frameworks",
				);
				PRODUCT_BUNDLE_IDENTIFIER = "com.AleVoro.English-CardsTests";
				PRODUCT_NAME = "$(TARGET_NAME)";
				SWIFT_VERSION = 4.2;
				TARGETED_DEVICE_FAMILY = "1,2";
				TEST_HOST = "$(BUILT_PRODUCTS_DIR)/English Cards.app/English Cards";
			};
			name = Release;
		};
		462D87EC22CBD81000A19E00 /* Debug */ = {
			isa = XCBuildConfiguration;
			baseConfigurationReference = 46CB9CE5FDBD8B010643B6FC /* Pods-English CardsUITests.debug.xcconfig */;
			buildSettings = {
				ALWAYS_EMBED_SWIFT_STANDARD_LIBRARIES = YES;
				CODE_SIGN_STYLE = Automatic;
				DEVELOPMENT_TEAM = TV4Z7NX6LB;
				INFOPLIST_FILE = "English CardsUITests/Info.plist";
				LD_RUNPATH_SEARCH_PATHS = (
					"$(inherited)",
					"@executable_path/Frameworks",
					"@loader_path/Frameworks",
				);
				PRODUCT_BUNDLE_IDENTIFIER = "com.AleVoro.English-CardsUITests";
				PRODUCT_NAME = "$(TARGET_NAME)";
				SWIFT_VERSION = 4.2;
				TARGETED_DEVICE_FAMILY = "1,2";
				TEST_TARGET_NAME = "English Cards";
			};
			name = Debug;
		};
		462D87ED22CBD81000A19E00 /* Release */ = {
			isa = XCBuildConfiguration;
			baseConfigurationReference = 00F6AB455074D4C4C417E5ED /* Pods-English CardsUITests.release.xcconfig */;
			buildSettings = {
				ALWAYS_EMBED_SWIFT_STANDARD_LIBRARIES = YES;
				CODE_SIGN_STYLE = Automatic;
				DEVELOPMENT_TEAM = TV4Z7NX6LB;
				INFOPLIST_FILE = "English CardsUITests/Info.plist";
				LD_RUNPATH_SEARCH_PATHS = (
					"$(inherited)",
					"@executable_path/Frameworks",
					"@loader_path/Frameworks",
				);
				PRODUCT_BUNDLE_IDENTIFIER = "com.AleVoro.English-CardsUITests";
				PRODUCT_NAME = "$(TARGET_NAME)";
				SWIFT_VERSION = 4.2;
				TARGETED_DEVICE_FAMILY = "1,2";
				TEST_TARGET_NAME = "English Cards";
			};
			name = Release;
		};
/* End XCBuildConfiguration section */

/* Begin XCConfigurationList section */
		462D87B822CBD80E00A19E00 /* Build configuration list for PBXProject "English Cards" */ = {
			isa = XCConfigurationList;
			buildConfigurations = (
				462D87E322CBD81000A19E00 /* Debug */,
				462D87E422CBD81000A19E00 /* Release */,
			);
			defaultConfigurationIsVisible = 0;
			defaultConfigurationName = Release;
		};
		462D87E522CBD81000A19E00 /* Build configuration list for PBXNativeTarget "English Cards" */ = {
			isa = XCConfigurationList;
			buildConfigurations = (
				462D87E622CBD81000A19E00 /* Debug */,
				462D87E722CBD81000A19E00 /* Release */,
			);
			defaultConfigurationIsVisible = 0;
			defaultConfigurationName = Release;
		};
		462D87E822CBD81000A19E00 /* Build configuration list for PBXNativeTarget "English CardsTests" */ = {
			isa = XCConfigurationList;
			buildConfigurations = (
				462D87E922CBD81000A19E00 /* Debug */,
				462D87EA22CBD81000A19E00 /* Release */,
			);
			defaultConfigurationIsVisible = 0;
			defaultConfigurationName = Release;
		};
		462D87EB22CBD81000A19E00 /* Build configuration list for PBXNativeTarget "English CardsUITests" */ = {
			isa = XCConfigurationList;
			buildConfigurations = (
				462D87EC22CBD81000A19E00 /* Debug */,
				462D87ED22CBD81000A19E00 /* Release */,
			);
			defaultConfigurationIsVisible = 0;
			defaultConfigurationName = Release;
		};
/* End XCConfigurationList section */
	};
	rootObject = 462D87B522CBD80E00A19E00 /* Project object */;
}
